
Microsoft Visual Studio Solution File, Format Version 12.00
# Visual Studio 15
VisualStudioVersion = 15.0.28307.757
MinimumVisualStudioVersion = 10.0.40219.1
Project("{FAE04EC0-301F-11D3-BF4B-00C04F79EFBC}") = "UmbracoCiCwithAzure", "UmbracoCiCwithAzure\UmbracoCiCwithAzure.csproj", "{5B043FE8-8430-4669-AEF1-0B33F7FE57A6}"
EndProject
Global
	GlobalSection(SolutionConfigurationPlatforms) = preSolution
		Debug|Any CPU = Debug|Any CPU
		Release|Any CPU = Release|Any CPU
	EndGlobalSection
	GlobalSection(ProjectConfigurationPlatforms) = postSolution
		{5B043FE8-8430-4669-AEF1-0B33F7FE57A6}.Debug|Any CPU.ActiveCfg = Debug|Any CPU
		{5B043FE8-8430-4669-AEF1-0B33F7FE57A6}.Debug|Any CPU.Build.0 = Debug|Any CPU
		{5B043FE8-8430-4669-AEF1-0B33F7FE57A6}.Release|Any CPU.ActiveCfg = Release|Any CPU
		{5B043FE8-8430-4669-AEF1-0B33F7FE57A6}.Release|Any CPU.Build.0 = Release|Any CPU
	EndGlobalSection
	GlobalSection(SolutionProperties) = preSolution
		HideSolutionNode = FALSE
	EndGlobalSection
	GlobalSection(ExtensibilityGlobals) = postSolution
		SolutionGuid = {94A0268B-830E-456C-A30F-453E9E33A064}
	EndGlobalSection
EndGlobal
